
Microsoft Visual Studio Solution File, Format Version 12.00
# Visual Studio 15
VisualStudioVersion = 15.0.28307.421
MinimumVisualStudioVersion = 10.0.40219.1
Project("{FAE04EC0-301F-11D3-BF4B-00C04F79EFBC}") = "produkti", "produkti\produkti.csproj", "{44B06186-EA9C-44CA-80B5-0BE3B4CCA64F}"
EndProject
Global
	GlobalSection(SolutionConfigurationPlatforms) = preSolution
		Debug|Any CPU = Debug|Any CPU
		Release|Any CPU = Release|Any CPU
	EndGlobalSection
	GlobalSection(ProjectConfigurationPlatforms) = postSolution
		{44B06186-EA9C-44CA-80B5-0BE3B4CCA64F}.Debug|Any CPU.ActiveCfg = Debug|Any CPU
		{44B06186-EA9C-44CA-80B5-0BE3B4CCA64F}.Debug|Any CPU.Build.0 = Debug|Any CPU
		{44B06186-EA9C-44CA-80B5-0BE3B4CCA64F}.Release|Any CPU.ActiveCfg = Release|Any CPU
		{44B06186-EA9C-44CA-80B5-0BE3B4CCA64F}.Release|Any CPU.Build.0 = Release|Any CPU
	EndGlobalSection
	GlobalSection(SolutionProperties) = preSolution
		HideSolutionNode = FALSE
	EndGlobalSection
	GlobalSection(ExtensibilityGlobals) = postSolution
		SolutionGuid = {AB4CC927-A202-43C1-83DF-3F3B3B30AED0}
	EndGlobalSection
EndGlobal
